
Microsoft Visual Studio Solution File, Format Version 12.00
# Visual Studio Version 17
VisualStudioVersion = 17.6.33815.320
MinimumVisualStudioVersion = 10.0.40219.1
Project("{FAE04EC0-301F-11D3-BF4B-00C04F79EFBC}") = "WpfSandBox", "WpfSandBox.csproj", "{CA1473F7-CEF8-4ADA-BB5D-76256104EC2A}"
EndProject
Global
	GlobalSection(SolutionConfigurationPlatforms) = preSolution
		Debug|Any CPU = Debug|Any CPU
		Release|Any CPU = Release|Any CPU
	EndGlobalSection
	GlobalSection(ProjectConfigurationPlatforms) = postSolution
		{CA1473F7-CEF8-4ADA-BB5D-76256104EC2A}.Debug|Any CPU.ActiveCfg = Debug|Any CPU
		{CA1473F7-CEF8-4ADA-BB5D-76256104EC2A}.Debug|Any CPU.Build.0 = Debug|Any CPU
		{CA1473F7-CEF8-4ADA-BB5D-76256104EC2A}.Release|Any CPU.ActiveCfg = Release|Any CPU
		{CA1473F7-CEF8-4ADA-BB5D-76256104EC2A}.Release|Any CPU.Build.0 = Release|Any CPU
	EndGlobalSection
	GlobalSection(SolutionProperties) = preSolution
		HideSolutionNode = FALSE
	EndGlobalSection
	GlobalSection(ExtensibilityGlobals) = postSolution
		SolutionGuid = {133F1543-6E5A-49FB-9C0A-B5DD5E92F848}
	EndGlobalSection
EndGlobal
